// !$*UTF8*$!
{
	archiveVersion = 1;
	classes = {
	};
	objectVersion = 46;
	objects = {

/* Begin PBXBuildFile section */
		1E11404220A74C73828490AE /* libPods.a in Frameworks */ = {isa = PBXBuildFile; fileRef = 7BD51216E0AE428C990DFE5C /* libPods.a */; };
		4A258C261797C4C50010F660 /* point.png in Resources */ = {isa = PBXBuildFile; fileRef = 4A258C251797C4C50010F660 /* point.png */; };
		4A258C291797D3E00010F660 /* AFField@2x.png in Resources */ = {isa = PBXBuildFile; fileRef = 4A258C271797D3E00010F660 /* AFField@2x.png */; };
		4A258C2A1797D3E00010F660 /* AFField.png in Resources */ = {isa = PBXBuildFile; fileRef = 4A258C281797D3E00010F660 /* AFField.png */; };
		4A478D12179E897E00BF6067 /* linkRunDown_0.png in Resources */ = {isa = PBXBuildFile; fileRef = 4A478CFC179E897E00BF6067 /* linkRunDown_0.png */; };
		4A478D13179E897E00BF6067 /* linkRunDown_1.png in Resources */ = {isa = PBXBuildFile; fileRef = 4A478CFD179E897E00BF6067 /* linkRunDown_1.png */; };
		4A478D14179E897E00BF6067 /* linkRunDown_2.png in Resources */ = {isa = PBXBuildFile; fileRef = 4A478CFE179E897E00BF6067 /* linkRunDown_2.png */; };
		4A478D15179E897E00BF6067 /* linkRunDown_3.png in Resources */ = {isa = PBXBuildFile; fileRef = 4A478CFF179E897E00BF6067 /* linkRunDown_3.png */; };
		4A478D16179E897E00BF6067 /* linkRunDown_4.png in Resources */ = {isa = PBXBuildFile; fileRef = 4A478D00179E897E00BF6067 /* linkRunDown_4.png */; };
		4A478D17179E897E00BF6067 /* linkRunDown_5.png in Resources */ = {isa = PBXBuildFile; fileRef = 4A478D01179E897E00BF6067 /* linkRunDown_5.png */; };
		4A478D18179E897E00BF6067 /* linkRunDown_6.png in Resources */ = {isa = PBXBuildFile; fileRef = 4A478D02179E897E00BF6067 /* linkRunDown_6.png */; };
		4A478D19179E897E00BF6067 /* linkRunRight_0.png in Resources */ = {isa = PBXBuildFile; fileRef = 4A478D03179E897E00BF6067 /* linkRunRight_0.png */; };
		4A478D1A179E897E00BF6067 /* linkRunRight_1.png in Resources */ = {isa = PBXBuildFile; fileRef = 4A478D04179E897E00BF6067 /* linkRunRight_1.png */; };
		4A478D1B179E897E00BF6067 /* linkRunRight_2.png in Resources */ = {isa = PBXBuildFile; fileRef = 4A478D05179E897E00BF6067 /* linkRunRight_2.png */; };
		4A478D1C179E897E00BF6067 /* linkRunRight_3.png in Resources */ = {isa = PBXBuildFile; fileRef = 4A478D06179E897E00BF6067 /* linkRunRight_3.png */; };
		4A478D1D179E897E00BF6067 /* linkRunRight_4.png in Resources */ = {isa = PBXBuildFile; fileRef = 4A478D07179E897E00BF6067 /* linkRunRight_4.png */; };
		4A478D1E179E897E00BF6067 /* linkRunRight_5.png in Resources */ = {isa = PBXBuildFile; fileRef = 4A478D08179E897E00BF6067 /* linkRunRight_5.png */; };
		4A478D1F179E897E00BF6067 /* linkRunRight_6.png in Resources */ = {isa = PBXBuildFile; fileRef = 4A478D09179E897E00BF6067 /* linkRunRight_6.png */; };
		4A478D20179E897E00BF6067 /* linkRunRight_7.png in Resources */ = {isa = PBXBuildFile; fileRef = 4A478D0A179E897E00BF6067 /* linkRunRight_7.png */; };
		4A478D21179E897E00BF6067 /* linkRunUp_0.png in Resources */ = {isa = PBXBuildFile; fileRef = 4A478D0B179E897E00BF6067 /* linkRunUp_0.png */; };
		4A478D22179E897E00BF6067 /* linkRunUp_1.png in Resources */ = {isa = PBXBuildFile; fileRef = 4A478D0C179E897E00BF6067 /* linkRunUp_1.png */; };
		4A478D23179E897E00BF6067 /* linkRunUp_2.png in Resources */ = {isa = PBXBuildFile; fileRef = 4A478D0D179E897E00BF6067 /* linkRunUp_2.png */; };
		4A478D24179E897E00BF6067 /* linkRunUp_3.png in Resources */ = {isa = PBXBuildFile; fileRef = 4A478D0E179E897E00BF6067 /* linkRunUp_3.png */; };
		4A478D25179E897E00BF6067 /* linkRunUp_4.png in Resources */ = {isa = PBXBuildFile; fileRef = 4A478D0F179E897E00BF6067 /* linkRunUp_4.png */; };
		4A478D26179E897E00BF6067 /* linkRunUp_5.png in Resources */ = {isa = PBXBuildFile; fileRef = 4A478D10179E897E00BF6067 /* linkRunUp_5.png */; };
		4A478D27179E897E00BF6067 /* linkRunUp_6.png in Resources */ = {isa = PBXBuildFile; fileRef = 4A478D11179E897E00BF6067 /* linkRunUp_6.png */; };
		4A54DD4E1798EF8200BF7359 /* QTreeContact.m in Sources */ = {isa = PBXBuildFile; fileRef = 4A54DD4D1798EF8200BF7359 /* QTreeContact.m */; };
		4A54DD5C179A36D100BF7359 /* bg.atlas in Resources */ = {isa = PBXBuildFile; fileRef = 4A54DD5B179A36D100BF7359 /* bg.atlas */; };
		4A89FB7417966C07001C7A19 /* QTree.m in Sources */ = {isa = PBXBuildFile; fileRef = 4A89FB7117966C07001C7A19 /* QTree.m */; };
		4A89FB7517966C07001C7A19 /* QTreeLeaf.m in Sources */ = {isa = PBXBuildFile; fileRef = 4A89FB7317966C07001C7A19 /* QTreeLeaf.m */; };
		4A89FB7B17968E89001C7A19 /* QTreeRoot.m in Sources */ = {isa = PBXBuildFile; fileRef = 4A89FB7A17968A3B001C7A19 /* QTreeRoot.m */; };
		4AA6166D1793D68200D88C6C /* MyParticle.sks in Resources */ = {isa = PBXBuildFile; fileRef = 4AA6166B1793D68200D88C6C /* MyParticle.sks */; };
		4AA6166E1793D68200D88C6C /* spark.png in Resources */ = {isa = PBXBuildFile; fileRef = 4AA6166C1793D68200D88C6C /* spark.png */; };
		4ADE24671793CD7F004EDA9F /* Foundation.framework in Frameworks */ = {isa = PBXBuildFile; fileRef = 4ADE24661793CD7F004EDA9F /* Foundation.framework */; };
		4ADE24691793CD7F004EDA9F /* CoreGraphics.framework in Frameworks */ = {isa = PBXBuildFile; fileRef = 4ADE24681793CD7F004EDA9F /* CoreGraphics.framework */; };
		4ADE246B1793CD7F004EDA9F /* UIKit.framework in Frameworks */ = {isa = PBXBuildFile; fileRef = 4ADE246A1793CD7F004EDA9F /* UIKit.framework */; };
		4ADE246D1793CD7F004EDA9F /* SpriteKit.framework in Frameworks */ = {isa = PBXBuildFile; fileRef = 4ADE246C1793CD7F004EDA9F /* SpriteKit.framework */; };
		4ADE24731793CD7F004EDA9F /* InfoPlist.strings in Resources */ = {isa = PBXBuildFile; fileRef = 4ADE24711793CD7F004EDA9F /* InfoPlist.strings */; };
		4ADE24751793CD7F004EDA9F /* main.m in Sources */ = {isa = PBXBuildFile; fileRef = 4ADE24741793CD7F004EDA9F /* main.m */; };
		4ADE24791793CD7F004EDA9F /* AFAppDelegate.m in Sources */ = {isa = PBXBuildFile; fileRef = 4ADE24781793CD7F004EDA9F /* AFAppDelegate.m */; };
		4ADE24821793CD7F004EDA9F /* AFViewController.m in Sources */ = {isa = PBXBuildFile; fileRef = 4ADE24811793CD7F004EDA9F /* AFViewController.m */; };
		4ADE24851793CD7F004EDA9F /* AFMyScene.m in Sources */ = {isa = PBXBuildFile; fileRef = 4ADE24841793CD7F004EDA9F /* AFMyScene.m */; };
		4ADE24891793CD7F004EDA9F /* Images.xcassets in Resources */ = {isa = PBXBuildFile; fileRef = 4ADE24881793CD7F004EDA9F /* Images.xcassets */; };
/* End PBXBuildFile section */

/* Begin PBXFileReference section */
		4A258C251797C4C50010F660 /* point.png */ = {isa = PBXFileReference; lastKnownFileType = image.png; path = point.png; sourceTree = "<group>"; };
		4A258C271797D3E00010F660 /* AFField@2x.png */ = {isa = PBXFileReference; lastKnownFileType = image.png; path = "AFField@2x.png"; sourceTree = "<group>"; };
		4A258C281797D3E00010F660 /* AFField.png */ = {isa = PBXFileReference; lastKnownFileType = image.png; path = AFField.png; sourceTree = "<group>"; };
		4A478CFC179E897E00BF6067 /* linkRunDown_0.png */ = {isa = PBXFileReference; lastKnownFileType = image.png; path = linkRunDown_0.png; sourceTree = "<group>"; };
		4A478CFD179E897E00BF6067 /* linkRunDown_1.png */ = {isa = PBXFileReference; lastKnownFileType = image.png; path = linkRunDown_1.png; sourceTree = "<group>"; };
		4A478CFE179E897E00BF6067 /* linkRunDown_2.png */ = {isa = PBXFileReference; lastKnownFileType = image.png; path = linkRunDown_2.png; sourceTree = "<group>"; };
		4A478CFF179E897E00BF6067 /* linkRunDown_3.png */ = {isa = PBXFileReference; lastKnownFileType = image.png; path = linkRunDown_3.png; sourceTree = "<group>"; };
		4A478D00179E897E00BF6067 /* linkRunDown_4.png */ = {isa = PBXFileReference; lastKnownFileType = image.png; path = linkRunDown_4.png; sourceTree = "<group>"; };
		4A478D01179E897E00BF6067 /* linkRunDown_5.png */ = {isa = PBXFileReference; lastKnownFileType = image.png; path = linkRunDown_5.png; sourceTree = "<group>"; };
		4A478D02179E897E00BF6067 /* linkRunDown_6.png */ = {isa = PBXFileReference; lastKnownFileType = image.png; path = linkRunDown_6.png; sourceTree = "<group>"; };
		4A478D03179E897E00BF6067 /* linkRunRight_0.png */ = {isa = PBXFileReference; lastKnownFileType = image.png; path = linkRunRight_0.png; sourceTree = "<group>"; };
		4A478D04179E897E00BF6067 /* linkRunRight_1.png */ = {isa = PBXFileReference; lastKnownFileType = image.png; path = linkRunRight_1.png; sourceTree = "<group>"; };
		4A478D05179E897E00BF6067 /* linkRunRight_2.png */ = {isa = PBXFileReference; lastKnownFileType = image.png; path = linkRunRight_2.png; sourceTree = "<group>"; };
		4A478D06179E897E00BF6067 /* linkRunRight_3.png */ = {isa = PBXFileReference; lastKnownFileType = image.png; path = linkRunRight_3.png; sourceTree = "<group>"; };
		4A478D07179E897E00BF6067 /* linkRunRight_4.png */ = {isa = PBXFileReference; lastKnownFileType = image.png; path = linkRunRight_4.png; sourceTree = "<group>"; };
		4A478D08179E897E00BF6067 /* linkRunRight_5.png */ = {isa = PBXFileReference; lastKnownFileType = image.png; path = linkRunRight_5.png; sourceTree = "<group>"; };
		4A478D09179E897E00BF6067 /* linkRunRight_6.png */ = {isa = PBXFileReference; lastKnownFileType = image.png; path = linkRunRight_6.png; sourceTree = "<group>"; };
		4A478D0A179E897E00BF6067 /* linkRunRight_7.png */ = {isa = PBXFileReference; lastKnownFileType = image.png; path = linkRunRight_7.png; sourceTree = "<group>"; };
		4A478D0B179E897E00BF6067 /* linkRunUp_0.png */ = {isa = PBXFileReference; lastKnownFileType = image.png; path = linkRunUp_0.png; sourceTree = "<group>"; };
		4A478D0C179E897E00BF6067 /* linkRunUp_1.png */ = {isa = PBXFileReference; lastKnownFileType = image.png; path = linkRunUp_1.png; sourceTree = "<group>"; };
		4A478D0D179E897E00BF6067 /* linkRunUp_2.png */ = {isa = PBXFileReference; lastKnownFileType = image.png; path = linkRunUp_2.png; sourceTree = "<group>"; };
		4A478D0E179E897E00BF6067 /* linkRunUp_3.png */ = {isa = PBXFileReference; lastKnownFileType = image.png; path = linkRunUp_3.png; sourceTree = "<group>"; };
		4A478D0F179E897E00BF6067 /* linkRunUp_4.png */ = {isa = PBXFileReference; lastKnownFileType = image.png; path = linkRunUp_4.png; sourceTree = "<group>"; };
		4A478D10179E897E00BF6067 /* linkRunUp_5.png */ = {isa = PBXFileReference; lastKnownFileType = image.png; path = linkRunUp_5.png; sourceTree = "<group>"; };
		4A478D11179E897E00BF6067 /* linkRunUp_6.png */ = {isa = PBXFileReference; lastKnownFileType = image.png; path = linkRunUp_6.png; sourceTree = "<group>"; };
		4A54DD4C1798EF8200BF7359 /* QTreeContact.h */ = {isa = PBXFileReference; fileEncoding = 4; lastKnownFileType = sourcecode.c.h; path = QTreeContact.h; sourceTree = "<group>"; };
		4A54DD4D1798EF8200BF7359 /* QTreeContact.m */ = {isa = PBXFileReference; fileEncoding = 4; lastKnownFileType = sourcecode.c.objc; path = QTreeContact.m; sourceTree = "<group>"; };
		4A54DD5B179A36D100BF7359 /* bg.atlas */ = {isa = PBXFileReference; lastKnownFileType = folder.skatlas; path = bg.atlas; sourceTree = "<group>"; };
		4A89FB7017966C07001C7A19 /* QTree.h */ = {isa = PBXFileReference; fileEncoding = 4; lastKnownFileType = sourcecode.c.h; path = QTree.h; sourceTree = "<group>"; };
		4A89FB7117966C07001C7A19 /* QTree.m */ = {isa = PBXFileReference; fileEncoding = 4; lastKnownFileType = sourcecode.c.objc; path = QTree.m; sourceTree = "<group>"; };
		4A89FB7217966C07001C7A19 /* QTreeLeaf.h */ = {isa = PBXFileReference; fileEncoding = 4; lastKnownFileType = sourcecode.c.h; path = QTreeLeaf.h; sourceTree = "<group>"; };
		4A89FB7317966C07001C7A19 /* QTreeLeaf.m */ = {isa = PBXFileReference; fileEncoding = 4; lastKnownFileType = sourcecode.c.objc; path = QTreeLeaf.m; sourceTree = "<group>"; };
		4A89FB7917968A3B001C7A19 /* QTreeRoot.h */ = {isa = PBXFileReference; lastKnownFileType = sourcecode.c.h; path = QTreeRoot.h; sourceTree = "<group>"; };
		4A89FB7A17968A3B001C7A19 /* QTreeRoot.m */ = {isa = PBXFileReference; lastKnownFileType = sourcecode.c.objc; path = QTreeRoot.m; sourceTree = "<group>"; };
		4AA6166B1793D68200D88C6C /* MyParticle.sks */ = {isa = PBXFileReference; lastKnownFileType = file.sks; path = MyParticle.sks; sourceTree = "<group>"; };
		4AA6166C1793D68200D88C6C /* spark.png */ = {isa = PBXFileReference; lastKnownFileType = image.png; path = spark.png; sourceTree = "<group>"; };
		4ADE24631793CD7F004EDA9F /* AFootball.app */ = {isa = PBXFileReference; explicitFileType = wrapper.application; includeInIndex = 0; path = AFootball.app; sourceTree = BUILT_PRODUCTS_DIR; };
		4ADE24661793CD7F004EDA9F /* Foundation.framework */ = {isa = PBXFileReference; lastKnownFileType = wrapper.framework; name = Foundation.framework; path = System/Library/Frameworks/Foundation.framework; sourceTree = SDKROOT; };
		4ADE24681793CD7F004EDA9F /* CoreGraphics.framework */ = {isa = PBXFileReference; lastKnownFileType = wrapper.framework; name = CoreGraphics.framework; path = System/Library/Frameworks/CoreGraphics.framework; sourceTree = SDKROOT; };
		4ADE246A1793CD7F004EDA9F /* UIKit.framework */ = {isa = PBXFileReference; lastKnownFileType = wrapper.framework; name = UIKit.framework; path = System/Library/Frameworks/UIKit.framework; sourceTree = SDKROOT; };
		4ADE246C1793CD7F004EDA9F /* SpriteKit.framework */ = {isa = PBXFileReference; lastKnownFileType = wrapper.framework; name = SpriteKit.framework; path = System/Library/Frameworks/SpriteKit.framework; sourceTree = SDKROOT; };
		4ADE24701793CD7F004EDA9F /* AFootball-Info.plist */ = {isa = PBXFileReference; lastKnownFileType = text.plist.xml; path = "AFootball-Info.plist"; sourceTree = "<group>"; };
		4ADE24721793CD7F004EDA9F /* en */ = {isa = PBXFileReference; lastKnownFileType = text.plist.strings; name = en; path = en.lproj/InfoPlist.strings; sourceTree = "<group>"; };
		4ADE24741793CD7F004EDA9F /* main.m */ = {isa = PBXFileReference; lastKnownFileType = sourcecode.c.objc; path = main.m; sourceTree = "<group>"; };
		4ADE24761793CD7F004EDA9F /* AFootball-Prefix.pch */ = {isa = PBXFileReference; lastKnownFileType = sourcecode.c.h; path = "AFootball-Prefix.pch"; sourceTree = "<group>"; };
		4ADE24771793CD7F004EDA9F /* AFAppDelegate.h */ = {isa = PBXFileReference; lastKnownFileType = sourcecode.c.h; path = AFAppDelegate.h; sourceTree = "<group>"; };
		4ADE24781793CD7F004EDA9F /* AFAppDelegate.m */ = {isa = PBXFileReference; lastKnownFileType = sourcecode.c.objc; path = AFAppDelegate.m; sourceTree = "<group>"; };
		4ADE24801793CD7F004EDA9F /* AFViewController.h */ = {isa = PBXFileReference; lastKnownFileType = sourcecode.c.h; path = AFViewController.h; sourceTree = "<group>"; };
		4ADE24811793CD7F004EDA9F /* AFViewController.m */ = {isa = PBXFileReference; lastKnownFileType = sourcecode.c.objc; path = AFViewController.m; sourceTree = "<group>"; };
		4ADE24831793CD7F004EDA9F /* AFMyScene.h */ = {isa = PBXFileReference; lastKnownFileType = sourcecode.c.h; path = AFMyScene.h; sourceTree = "<group>"; };
		4ADE24841793CD7F004EDA9F /* AFMyScene.m */ = {isa = PBXFileReference; lastKnownFileType = sourcecode.c.objc; path = AFMyScene.m; sourceTree = "<group>"; };
		4ADE24881793CD7F004EDA9F /* Images.xcassets */ = {isa = PBXFileReference; lastKnownFileType = folder.assetcatalog; path = Images.xcassets; sourceTree = "<group>"; };
		7BD51216E0AE428C990DFE5C /* libPods.a */ = {isa = PBXFileReference; explicitFileType = archive.ar; includeInIndex = 0; path = libPods.a; sourceTree = BUILT_PRODUCTS_DIR; };
		D40DB9DEAD7949C2AAB41913 /* Pods/Pods.xcconfig */ = {isa = PBXFileReference; includeInIndex = 1; lastKnownFileType = text.xcconfig; path = Pods/Pods.xcconfig; sourceTree = SOURCE_ROOT; };
/* End PBXFileReference section */

/* Begin PBXFrameworksBuildPhase section */
		4ADE24601793CD7F004EDA9F /* Frameworks */ = {
			isa = PBXFrameworksBuildPhase;
			buildActionMask = 2147483647;
			files = (
				4ADE24691793CD7F004EDA9F /* CoreGraphics.framework in Frameworks */,
				4ADE246B1793CD7F004EDA9F /* UIKit.framework in Frameworks */,
				4ADE246D1793CD7F004EDA9F /* SpriteKit.framework in Frameworks */,
				4ADE24671793CD7F004EDA9F /* Foundation.framework in Frameworks */,
				1E11404220A74C73828490AE /* libPods.a in Frameworks */,
			);
			runOnlyForDeploymentPostprocessing = 0;
		};
/* End PBXFrameworksBuildPhase section */

/* Begin PBXGroup section */
		4A478CFB179E897E00BF6067 /* link_atlas */ = {
			isa = PBXGroup;
			children = (
				4A478CFC179E897E00BF6067 /* linkRunDown_0.png */,
				4A478CFD179E897E00BF6067 /* linkRunDown_1.png */,
				4A478CFE179E897E00BF6067 /* linkRunDown_2.png */,
				4A478CFF179E897E00BF6067 /* linkRunDown_3.png */,
				4A478D00179E897E00BF6067 /* linkRunDown_4.png */,
				4A478D01179E897E00BF6067 /* linkRunDown_5.png */,
				4A478D02179E897E00BF6067 /* linkRunDown_6.png */,
				4A478D03179E897E00BF6067 /* linkRunRight_0.png */,
				4A478D04179E897E00BF6067 /* linkRunRight_1.png */,
				4A478D05179E897E00BF6067 /* linkRunRight_2.png */,
				4A478D06179E897E00BF6067 /* linkRunRight_3.png */,
				4A478D07179E897E00BF6067 /* linkRunRight_4.png */,
				4A478D08179E897E00BF6067 /* linkRunRight_5.png */,
				4A478D09179E897E00BF6067 /* linkRunRight_6.png */,
				4A478D0A179E897E00BF6067 /* linkRunRight_7.png */,
				4A478D0B179E897E00BF6067 /* linkRunUp_0.png */,
				4A478D0C179E897E00BF6067 /* linkRunUp_1.png */,
				4A478D0D179E897E00BF6067 /* linkRunUp_2.png */,
				4A478D0E179E897E00BF6067 /* linkRunUp_3.png */,
				4A478D0F179E897E00BF6067 /* linkRunUp_4.png */,
				4A478D10179E897E00BF6067 /* linkRunUp_5.png */,
				4A478D11179E897E00BF6067 /* linkRunUp_6.png */,
			);
			path = link_atlas;
			sourceTree = "<group>";
		};
		4A89FB6F17966C07001C7A19 /* QTree */ = {
			isa = PBXGroup;
			children = (
				4A89FB7017966C07001C7A19 /* QTree.h */,
				4A89FB7117966C07001C7A19 /* QTree.m */,
				4A89FB7217966C07001C7A19 /* QTreeLeaf.h */,
				4A89FB7317966C07001C7A19 /* QTreeLeaf.m */,
				4A89FB7917968A3B001C7A19 /* QTreeRoot.h */,
				4A89FB7A17968A3B001C7A19 /* QTreeRoot.m */,
				4A54DD4C1798EF8200BF7359 /* QTreeContact.h */,
				4A54DD4D1798EF8200BF7359 /* QTreeContact.m */,
			);
			path = QTree;
			sourceTree = "<group>";
		};
		4ADE245A1793CD7F004EDA9F = {
			isa = PBXGroup;
			children = (
				4AA6166B1793D68200D88C6C /* MyParticle.sks */,
				4AA6166C1793D68200D88C6C /* spark.png */,
				4A89FB6F17966C07001C7A19 /* QTree */,
				4ADE246E1793CD7F004EDA9F /* AFootball */,
				4ADE24651793CD7F004EDA9F /* Frameworks */,
				4ADE24641793CD7F004EDA9F /* Products */,
				D40DB9DEAD7949C2AAB41913 /* Pods/Pods.xcconfig */,
			);
			sourceTree = "<group>";
		};
		4ADE24641793CD7F004EDA9F /* Products */ = {
			isa = PBXGroup;
			children = (
				4ADE24631793CD7F004EDA9F /* AFootball.app */,
			);
			name = Products;
			sourceTree = "<group>";
		};
		4ADE24651793CD7F004EDA9F /* Frameworks */ = {
			isa = PBXGroup;
			children = (
				4ADE24661793CD7F004EDA9F /* Foundation.framework */,
				4ADE24681793CD7F004EDA9F /* CoreGraphics.framework */,
				4ADE246A1793CD7F004EDA9F /* UIKit.framework */,
				4ADE246C1793CD7F004EDA9F /* SpriteKit.framework */,
				7BD51216E0AE428C990DFE5C /* libPods.a */,
			);
			name = Frameworks;
			sourceTree = "<group>";
		};
		4ADE246E1793CD7F004EDA9F /* AFootball */ = {
			isa = PBXGroup;
			children = (
				4ADE24771793CD7F004EDA9F /* AFAppDelegate.h */,
				4ADE24781793CD7F004EDA9F /* AFAppDelegate.m */,
				4ADE24801793CD7F004EDA9F /* AFViewController.h */,
				4ADE24811793CD7F004EDA9F /* AFViewController.m */,
				4ADE24831793CD7F004EDA9F /* AFMyScene.h */,
				4ADE24841793CD7F004EDA9F /* AFMyScene.m */,
				4ADE246F1793CD7F004EDA9F /* Supporting Files */,
			);
			path = AFootball;
			sourceTree = "<group>";
		};
		4ADE246F1793CD7F004EDA9F /* Supporting Files */ = {
			isa = PBXGroup;
			children = (
				4ADE24881793CD7F004EDA9F /* Images.xcassets */,
				4A478CFB179E897E00BF6067 /* link_atlas */,
				4A54DD5B179A36D100BF7359 /* bg.atlas */,
				4A258C271797D3E00010F660 /* AFField@2x.png */,
				4A258C281797D3E00010F660 /* AFField.png */,
				4A258C251797C4C50010F660 /* point.png */,
				4ADE24701793CD7F004EDA9F /* AFootball-Info.plist */,
				4ADE24711793CD7F004EDA9F /* InfoPlist.strings */,
				4ADE24741793CD7F004EDA9F /* main.m */,
				4ADE24761793CD7F004EDA9F /* AFootball-Prefix.pch */,
			);
			name = "Supporting Files";
			sourceTree = "<group>";
		};
/* End PBXGroup section */

/* Begin PBXNativeTarget section */
		4ADE24621793CD7F004EDA9F /* AFootball */ = {
			isa = PBXNativeTarget;
			buildConfigurationList = 4ADE249F1793CD7F004EDA9F /* Build configuration list for PBXNativeTarget "AFootball" */;
			buildPhases = (
				FB0340F0F8894ECE940A5EFA /* Check Pods Manifest.lock */,
				4ADE245F1793CD7F004EDA9F /* Sources */,
				4ADE24601793CD7F004EDA9F /* Frameworks */,
				4ADE24611793CD7F004EDA9F /* Resources */,
				0A1819AE8C1647E8BA7FCFD9 /* Copy Pods Resources */,
			);
			buildRules = (
			);
			dependencies = (
			);
			name = AFootball;
			productName = AFootball;
			productReference = 4ADE24631793CD7F004EDA9F /* AFootball.app */;
			productType = "com.apple.product-type.application";
		};
/* End PBXNativeTarget section */

/* Begin PBXProject section */
		4ADE245B1793CD7F004EDA9F /* Project object */ = {
			isa = PBXProject;
			attributes = {
				CLASSPREFIX = AF;
				LastUpgradeCheck = 0500;
				ORGANIZATIONNAME = traintrackcn;
			};
			buildConfigurationList = 4ADE245E1793CD7F004EDA9F /* Build configuration list for PBXProject "AFootball" */;
			compatibilityVersion = "Xcode 3.2";
			developmentRegion = English;
			hasScannedForEncodings = 0;
			knownRegions = (
				en,
				Base,
			);
			mainGroup = 4ADE245A1793CD7F004EDA9F;
			productRefGroup = 4ADE24641793CD7F004EDA9F /* Products */;
			projectDirPath = "";
			projectRoot = "";
			targets = (
				4ADE24621793CD7F004EDA9F /* AFootball */,
			);
		};
/* End PBXProject section */

/* Begin PBXResourcesBuildPhase section */
		4ADE24611793CD7F004EDA9F /* Resources */ = {
			isa = PBXResourcesBuildPhase;
			buildActionMask = 2147483647;
			files = (
				4A478D1A179E897E00BF6067 /* linkRunRight_1.png in Resources */,
				4A478D27179E897E00BF6067 /* linkRunUp_6.png in Resources */,
				4AA6166E1793D68200D88C6C /* spark.png in Resources */,
				4A54DD5C179A36D100BF7359 /* bg.atlas in Resources */,
				4A478D1D179E897E00BF6067 /* linkRunRight_4.png in Resources */,
				4A478D16179E897E00BF6067 /* linkRunDown_4.png in Resources */,
				4A478D1B179E897E00BF6067 /* linkRunRight_2.png in Resources */,
				4A478D12179E897E00BF6067 /* linkRunDown_0.png in Resources */,
				4A478D18179E897E00BF6067 /* linkRunDown_6.png in Resources */,
				4A258C261797C4C50010F660 /* point.png in Resources */,
				4A478D1C179E897E00BF6067 /* linkRunRight_3.png in Resources */,
				4A478D14179E897E00BF6067 /* linkRunDown_2.png in Resources */,
				4ADE24891793CD7F004EDA9F /* Images.xcassets in Resources */,
				4A478D24179E897E00BF6067 /* linkRunUp_3.png in Resources */,
				4A478D20179E897E00BF6067 /* linkRunRight_7.png in Resources */,
				4A478D17179E897E00BF6067 /* linkRunDown_5.png in Resources */,
				4ADE24731793CD7F004EDA9F /* InfoPlist.strings in Resources */,
				4AA6166D1793D68200D88C6C /* MyParticle.sks in Resources */,
				4A478D25179E897E00BF6067 /* linkRunUp_4.png in Resources */,
				4A478D1E179E897E00BF6067 /* linkRunRight_5.png in Resources */,
				4A478D13179E897E00BF6067 /* linkRunDown_1.png in Resources */,
				4A478D15179E897E00BF6067 /* linkRunDown_3.png in Resources */,
				4A478D22179E897E00BF6067 /* linkRunUp_1.png in Resources */,
				4A478D1F179E897E00BF6067 /* linkRunRight_6.png in Resources */,
				4A478D19179E897E00BF6067 /* linkRunRight_0.png in Resources */,
				4A258C291797D3E00010F660 /* AFField@2x.png in Resources */,
				4A478D21179E897E00BF6067 /* linkRunUp_0.png in Resources */,
				4A478D23179E897E00BF6067 /* linkRunUp_2.png in Resources */,
				4A478D26179E897E00BF6067 /* linkRunUp_5.png in Resources */,
				4A258C2A1797D3E00010F660 /* AFField.png in Resources */,
			);
			runOnlyForDeploymentPostprocessing = 0;
		};
/* End PBXResourcesBuildPhase section */

/* Begin PBXShellScriptBuildPhase section */
		0A1819AE8C1647E8BA7FCFD9 /* Copy Pods Resources */ = {
			isa = PBXShellScriptBuildPhase;
			buildActionMask = 2147483647;
			files = (
			);
			inputPaths = (
			);
			name = "Copy Pods Resources";
			outputPaths = (
			);
			runOnlyForDeploymentPostprocessing = 0;
			shellPath = /bin/sh;
			shellScript = "\"${SRCROOT}/Pods/Pods-resources.sh\"\n";
			showEnvVarsInLog = 0;
		};
		FB0340F0F8894ECE940A5EFA /* Check Pods Manifest.lock */ = {
			isa = PBXShellScriptBuildPhase;
			buildActionMask = 2147483647;
			files = (
			);
			inputPaths = (
			);
			name = "Check Pods Manifest.lock";
			outputPaths = (
			);
			runOnlyForDeploymentPostprocessing = 0;
			shellPath = /bin/sh;
			shellScript = "diff \"${PODS_ROOT}/../Podfile.lock\" \"${PODS_ROOT}/Manifest.lock\" > /dev/null\nif [[ $? != 0 ]] ; then\n    cat << EOM\nerror: The sandbox is not in sync with the Podfile.lock. Run 'pod install' or update your CocoaPods installation.\nEOM\n    exit 1\nfi\n";
			showEnvVarsInLog = 0;
		};
/* End PBXShellScriptBuildPhase section */

/* Begin PBXSourcesBuildPhase section */
		4ADE245F1793CD7F004EDA9F /* Sources */ = {
			isa = PBXSourcesBuildPhase;
			buildActionMask = 2147483647;
			files = (
				4A89FB7B17968E89001C7A19 /* QTreeRoot.m in Sources */,
				4ADE24751793CD7F004EDA9F /* main.m in Sources */,
				4A89FB7417966C07001C7A19 /* QTree.m in Sources */,
				4ADE24851793CD7F004EDA9F /* AFMyScene.m in Sources */,
				4A89FB7517966C07001C7A19 /* QTreeLeaf.m in Sources */,
				4ADE24821793CD7F004EDA9F /* AFViewController.m in Sources */,
				4A54DD4E1798EF8200BF7359 /* QTreeContact.m in Sources */,
				4ADE24791793CD7F004EDA9F /* AFAppDelegate.m in Sources */,
			);
			runOnlyForDeploymentPostprocessing = 0;
		};
/* End PBXSourcesBuildPhase section */

/* Begin PBXVariantGroup section */
		4ADE24711793CD7F004EDA9F /* InfoPlist.strings */ = {
			isa = PBXVariantGroup;
			children = (
				4ADE24721793CD7F004EDA9F /* en */,
			);
			name = InfoPlist.strings;
			sourceTree = "<group>";
		};
/* End PBXVariantGroup section */

/* Begin XCBuildConfiguration section */
		4ADE249D1793CD7F004EDA9F /* Debug */ = {
			isa = XCBuildConfiguration;
			buildSettings = {
				ALWAYS_SEARCH_USER_PATHS = NO;
				CLANG_CXX_LANGUAGE_STANDARD = "gnu++0x";
				CLANG_CXX_LIBRARY = "libc++";
				CLANG_ENABLE_MODULES = YES;
				CLANG_ENABLE_OBJC_ARC = YES;
				CLANG_WARN_BOOL_CONVERSION = YES;
				CLANG_WARN_CONSTANT_CONVERSION = YES;
				CLANG_WARN_DIRECT_OBJC_ISA_USAGE = YES_ERROR;
				CLANG_WARN_EMPTY_BODY = YES;
				CLANG_WARN_ENUM_CONVERSION = YES;
				CLANG_WARN_INT_CONVERSION = YES;
				CLANG_WARN_OBJC_ROOT_CLASS = YES_ERROR;
				CLANG_WARN__DUPLICATE_METHOD_MATCH = YES;
				"CODE_SIGN_IDENTITY[sdk=iphoneos*]" = "iPhone Developer";
				COPY_PHASE_STRIP = NO;
				GCC_C_LANGUAGE_STANDARD = gnu99;
				GCC_DYNAMIC_NO_PIC = NO;
				GCC_OPTIMIZATION_LEVEL = 0;
				GCC_PREPROCESSOR_DEFINITIONS = (
					"DEBUG=1",
					"$(inherited)",
				);
				GCC_SYMBOLS_PRIVATE_EXTERN = NO;
				GCC_WARN_ABOUT_RETURN_TYPE = YES_ERROR;
				GCC_WARN_UNDECLARED_SELECTOR = YES;
				GCC_WARN_UNINITIALIZED_AUTOS = YES;
				GCC_WARN_UNUSED_FUNCTION = YES;
				GCC_WARN_UNUSED_VARIABLE = YES;
				IPHONEOS_DEPLOYMENT_TARGET = 7.0;
				ONLY_ACTIVE_ARCH = YES;
				SDKROOT = iphoneos;
				SPRITEKIT_TEXTURE_ATLAS_OUTPUT = NO;
				TARGETED_DEVICE_FAMILY = "1,2";
			};
			name = Debug;
		};
		4ADE249E1793CD7F004EDA9F /* Release */ = {
			isa = XCBuildConfiguration;
			buildSettings = {
				ALWAYS_SEARCH_USER_PATHS = NO;
				CLANG_CXX_LANGUAGE_STANDARD = "gnu++0x";
				CLANG_CXX_LIBRARY = "libc++";
				CLANG_ENABLE_MODULES = YES;
				CLANG_ENABLE_OBJC_ARC = YES;
				CLANG_WARN_BOOL_CONVERSION = YES;
				CLANG_WARN_CONSTANT_CONVERSION = YES;
				CLANG_WARN_DIRECT_OBJC_ISA_USAGE = YES_ERROR;
				CLANG_WARN_EMPTY_BODY = YES;
				CLANG_WARN_ENUM_CONVERSION = YES;
				CLANG_WARN_INT_CONVERSION = YES;
				CLANG_WARN_OBJC_ROOT_CLASS = YES_ERROR;
				CLANG_WARN__DUPLICATE_METHOD_MATCH = YES;
				"CODE_SIGN_IDENTITY[sdk=iphoneos*]" = "iPhone Developer";
				COPY_PHASE_STRIP = YES;
				ENABLE_NS_ASSERTIONS = NO;
				GCC_C_LANGUAGE_STANDARD = gnu99;
				GCC_WARN_ABOUT_RETURN_TYPE = YES_ERROR;
				GCC_WARN_UNDECLARED_SELECTOR = YES;
				GCC_WARN_UNINITIALIZED_AUTOS = YES;
				GCC_WARN_UNUSED_FUNCTION = YES;
				GCC_WARN_UNUSED_VARIABLE = YES;
				IPHONEOS_DEPLOYMENT_TARGET = 7.0;
				SDKROOT = iphoneos;
				SPRITEKIT_TEXTURE_ATLAS_OUTPUT = NO;
				TARGETED_DEVICE_FAMILY = "1,2";
				VALIDATE_PRODUCT = YES;
			};
			name = Release;
		};
		4ADE24A01793CD7F004EDA9F /* Debug */ = {
			isa = XCBuildConfiguration;
			baseConfigurationReference = D40DB9DEAD7949C2AAB41913 /* Pods/Pods.xcconfig */;
			buildSettings = {
				ASSETCATALOG_COMPILER_APPICON_NAME = AppIcon;
				ASSETCATALOG_COMPILER_LAUNCHIMAGE_NAME = LaunchImage;
				COMPRESS_PNG_FILES = YES;
				GCC_PRECOMPILE_PREFIX_HEADER = YES;
				GCC_PREFIX_HEADER = "AFootball/AFootball-Prefix.pch";
				INFOPLIST_FILE = "AFootball/AFootball-Info.plist";
				PRODUCT_NAME = "$(TARGET_NAME)";
				SPRITEKIT_TEXTURE_ATLAS_OUTPUT = NO;
				WRAPPER_EXTENSION = app;
			};
			name = Debug;
		};
		4ADE24A11793CD7F004EDA9F /* Release */ = {
			isa = XCBuildConfiguration;
			baseConfigurationReference = D40DB9DEAD7949C2AAB41913 /* Pods/Pods.xcconfig */;
			buildSettings = {
				ASSETCATALOG_COMPILER_APPICON_NAME = AppIcon;
				ASSETCATALOG_COMPILER_LAUNCHIMAGE_NAME = LaunchImage;
				COMPRESS_PNG_FILES = YES;
				GCC_PRECOMPILE_PREFIX_HEADER = YES;
				GCC_PREFIX_HEADER = "AFootball/AFootball-Prefix.pch";
				INFOPLIST_FILE = "AFootball/AFootball-Info.plist";
				PRODUCT_NAME = "$(TARGET_NAME)";
				SPRITEKIT_TEXTURE_ATLAS_OUTPUT = NO;
				WRAPPER_EXTENSION = app;
			};
			name = Release;
		};
/* End XCBuildConfiguration section */

/* Begin XCConfigurationList section */
		4ADE245E1793CD7F004EDA9F /* Build configuration list for PBXProject "AFootball" */ = {
			isa = XCConfigurationList;
			buildConfigurations = (
				4ADE249D1793CD7F004EDA9F /* Debug */,
				4ADE249E1793CD7F004EDA9F /* Release */,
			);
			defaultConfigurationIsVisible = 0;
			defaultConfigurationName = Release;
		};
		4ADE249F1793CD7F004EDA9F /* Build configuration list for PBXNativeTarget "AFootball" */ = {
			isa = XCConfigurationList;
			buildConfigurations = (
				4ADE24A01793CD7F004EDA9F /* Debug */,
				4ADE24A11793CD7F004EDA9F /* Release */,
			);
			defaultConfigurationIsVisible = 0;
			defaultConfigurationName = Release;
		};
/* End XCConfigurationList section */
	};
	rootObject = 4ADE245B1793CD7F004EDA9F /* Project object */;
}
